
Microsoft Visual Studio Solution File, Format Version 12.00
# Visual Studio Version 16
VisualStudioVersion = 16.0.31702.278
MinimumVisualStudioVersion = 10.0.40219.1
Project("{FAE04EC0-301F-11D3-BF4B-00C04F79EFBC}") = "Task 04", "Task 04\Task 04.csproj", "{3DB949AE-3BBB-4A46-9533-BB0A73F55873}"
EndProject
Project("{FAE04EC0-301F-11D3-BF4B-00C04F79EFBC}") = "UWP-017", "UWP-017\UWP-017.csproj", "{352295C5-9BE8-4D32-AADB-6EB6DA916E47}"
EndProject
Project("{FAE04EC0-301F-11D3-BF4B-00C04F79EFBC}") = "UWP-018", "UWP-018\UWP-018.csproj", "{8FE20A4A-AEA6-4334-AC12-DCEB1B20A5CD}"
EndProject
Project("{FAE04EC0-301F-11D3-BF4B-00C04F79EFBC}") = "UWP-019", "UWP-019\UWP-019.csproj", "{95957A19-2224-41F7-9438-DCDB018A0D24}"
EndProject
Global
	GlobalSection(SolutionConfigurationPlatforms) = preSolution
		Debug|ARM = Debug|ARM
		Debug|ARM64 = Debug|ARM64
		Debug|x64 = Debug|x64
		Debug|x86 = Debug|x86
		Release|ARM = Release|ARM
		Release|ARM64 = Release|ARM64
		Release|x64 = Release|x64
		Release|x86 = Release|x86
	EndGlobalSection
	GlobalSection(ProjectConfigurationPlatforms) = postSolution
		{3DB949AE-3BBB-4A46-9533-BB0A73F55873}.Debug|ARM.ActiveCfg = Debug|ARM
		{3DB949AE-3BBB-4A46-9533-BB0A73F55873}.Debug|ARM.Build.0 = Debug|ARM
		{3DB949AE-3BBB-4A46-9533-BB0A73F55873}.Debug|ARM.Deploy.0 = Debug|ARM
		{3DB949AE-3BBB-4A46-9533-BB0A73F55873}.Debug|ARM64.ActiveCfg = Debug|ARM64
		{3DB949AE-3BBB-4A46-9533-BB0A73F55873}.Debug|ARM64.Build.0 = Debug|ARM64
		{3DB949AE-3BBB-4A46-9533-BB0A73F55873}.Debug|ARM64.Deploy.0 = Debug|ARM64
		{3DB949AE-3BBB-4A46-9533-BB0A73F55873}.Debug|x64.ActiveCfg = Debug|x64
		{3DB949AE-3BBB-4A46-9533-BB0A73F55873}.Debug|x64.Build.0 = Debug|x64
		{3DB949AE-3BBB-4A46-9533-BB0A73F55873}.Debug|x64.Deploy.0 = Debug|x64
		{3DB949AE-3BBB-4A46-9533-BB0A73F55873}.Debug|x86.ActiveCfg = Debug|x86
		{3DB949AE-3BBB-4A46-9533-BB0A73F55873}.Debug|x86.Build.0 = Debug|x86
		{3DB949AE-3BBB-4A46-9533-BB0A73F55873}.Debug|x86.Deploy.0 = Debug|x86
		{3DB949AE-3BBB-4A46-9533-BB0A73F55873}.Release|ARM.ActiveCfg = Release|ARM
		{3DB949AE-3BBB-4A46-9533-BB0A73F55873}.Release|ARM.Build.0 = Release|ARM
		{3DB949AE-3BBB-4A46-9533-BB0A73F55873}.Release|ARM.Deploy.0 = Release|ARM
		{3DB949AE-3BBB-4A46-9533-BB0A73F55873}.Release|ARM64.ActiveCfg = Release|ARM64
		{3DB949AE-3BBB-4A46-9533-BB0A73F55873}.Release|ARM64.Build.0 = Release|ARM64
		{3DB949AE-3BBB-4A46-9533-BB0A73F55873}.Release|ARM64.Deploy.0 = Release|ARM64
		{3DB949AE-3BBB-4A46-9533-BB0A73F55873}.Release|x64.ActiveCfg = Release|x64
		{3DB949AE-3BBB-4A46-9533-BB0A73F55873}.Release|x64.Build.0 = Release|x64
		{3DB949AE-3BBB-4A46-9533-BB0A73F55873}.Release|x64.Deploy.0 = Release|x64
		{3DB949AE-3BBB-4A46-9533-BB0A73F55873}.Release|x86.ActiveCfg = Release|x86
		{3DB949AE-3BBB-4A46-9533-BB0A73F55873}.Release|x86.Build.0 = Release|x86
		{3DB949AE-3BBB-4A46-9533-BB0A73F55873}.Release|x86.Deploy.0 = Release|x86
		{352295C5-9BE8-4D32-AADB-6EB6DA916E47}.Debug|ARM.ActiveCfg = Debug|ARM
		{352295C5-9BE8-4D32-AADB-6EB6DA916E47}.Debug|ARM.Build.0 = Debug|ARM
		{352295C5-9BE8-4D32-AADB-6EB6DA916E47}.Debug|ARM.Deploy.0 = Debug|ARM
		{352295C5-9BE8-4D32-AADB-6EB6DA916E47}.Debug|ARM64.ActiveCfg = Debug|ARM64
		{352295C5-9BE8-4D32-AADB-6EB6DA916E47}.Debug|ARM64.Build.0 = Debug|ARM64
		{352295C5-9BE8-4D32-AADB-6EB6DA916E47}.Debug|ARM64.Deploy.0 = Debug|ARM64
		{352295C5-9BE8-4D32-AADB-6EB6DA916E47}.Debug|x64.ActiveCfg = Debug|x64
		{352295C5-9BE8-4D32-AADB-6EB6DA916E47}.Debug|x64.Build.0 = Debug|x64
		{352295C5-9BE8-4D32-AADB-6EB6DA916E47}.Debug|x64.Deploy.0 = Debug|x64
		{352295C5-9BE8-4D32-AADB-6EB6DA916E47}.Debug|x86.ActiveCfg = Debug|x86
		{352295C5-9BE8-4D32-AADB-6EB6DA916E47}.Debug|x86.Build.0 = Debug|x86
		{352295C5-9BE8-4D32-AADB-6EB6DA916E47}.Debug|x86.Deploy.0 = Debug|x86
		{352295C5-9BE8-4D32-AADB-6EB6DA916E47}.Release|ARM.ActiveCfg = Release|ARM
		{352295C5-9BE8-4D32-AADB-6EB6DA916E47}.Release|ARM.Build.0 = Release|ARM
		{352295C5-9BE8-4D32-AADB-6EB6DA916E47}.Release|ARM.Deploy.0 = Release|ARM
		{352295C5-9BE8-4D32-AADB-6EB6DA916E47}.Release|ARM64.ActiveCfg = Release|ARM64
		{352295C5-9BE8-4D32-AADB-6EB6DA916E47}.Release|ARM64.Build.0 = Release|ARM64
		{352295C5-9BE8-4D32-AADB-6EB6DA916E47}.Release|ARM64.Deploy.0 = Release|ARM64
		{352295C5-9BE8-4D32-AADB-6EB6DA916E47}.Release|x64.ActiveCfg = Release|x64
		{352295C5-9BE8-4D32-AADB-6EB6DA916E47}.Release|x64.Build.0 = Release|x64
		{352295C5-9BE8-4D32-AADB-6EB6DA916E47}.Release|x64.Deploy.0 = Release|x64
		{352295C5-9BE8-4D32-AADB-6EB6DA916E47}.Release|x86.ActiveCfg = Release|x86
		{352295C5-9BE8-4D32-AADB-6EB6DA916E47}.Release|x86.Build.0 = Release|x86
		{352295C5-9BE8-4D32-AADB-6EB6DA916E47}.Release|x86.Deploy.0 = Release|x86
		{8FE20A4A-AEA6-4334-AC12-DCEB1B20A5CD}.Debug|ARM.ActiveCfg = Debug|ARM
		{8FE20A4A-AEA6-4334-AC12-DCEB1B20A5CD}.Debug|ARM.Build.0 = Debug|ARM
		{8FE20A4A-AEA6-4334-AC12-DCEB1B20A5CD}.Debug|ARM.Deploy.0 = Debug|ARM
		{8FE20A4A-AEA6-4334-AC12-DCEB1B20A5CD}.Debug|ARM64.ActiveCfg = Debug|ARM64
		{8FE20A4A-AEA6-4334-AC12-DCEB1B20A5CD}.Debug|ARM64.Build.0 = Debug|ARM64
		{8FE20A4A-AEA6-4334-AC12-DCEB1B20A5CD}.Debug|ARM64.Deploy.0 = Debug|ARM64
		{8FE20A4A-AEA6-4334-AC12-DCEB1B20A5CD}.Debug|x64.ActiveCfg = Debug|x64
		{8FE20A4A-AEA6-4334-AC12-DCEB1B20A5CD}.Debug|x64.Build.0 = Debug|x64
		{8FE20A4A-AEA6-4334-AC12-DCEB1B20A5CD}.Debug|x64.Deploy.0 = Debug|x64
		{8FE20A4A-AEA6-4334-AC12-DCEB1B20A5CD}.Debug|x86.ActiveCfg = Debug|x86
		{8FE20A4A-AEA6-4334-AC12-DCEB1B20A5CD}.Debug|x86.Build.0 = Debug|x86
		{8FE20A4A-AEA6-4334-AC12-DCEB1B20A5CD}.Debug|x86.Deploy.0 = Debug|x86
		{8FE20A4A-AEA6-4334-AC12-DCEB1B20A5CD}.Release|ARM.ActiveCfg = Release|ARM
		{8FE20A4A-AEA6-4334-AC12-DCEB1B20A5CD}.Release|ARM.Build.0 = Release|ARM
		{8FE20A4A-AEA6-4334-AC12-DCEB1B20A5CD}.Release|ARM.Deploy.0 = Release|ARM
		{8FE20A4A-AEA6-4334-AC12-DCEB1B20A5CD}.Release|ARM64.ActiveCfg = Release|ARM64
		{8FE20A4A-AEA6-4334-AC12-DCEB1B20A5CD}.Release|ARM64.Build.0 = Release|ARM64
		{8FE20A4A-AEA6-4334-AC12-DCEB1B20A5CD}.Release|ARM64.Deploy.0 = Release|ARM64
		{8FE20A4A-AEA6-4334-AC12-DCEB1B20A5CD}.Release|x64.ActiveCfg = Release|x64
		{8FE20A4A-AEA6-4334-AC12-DCEB1B20A5CD}.Release|x64.Build.0 = Release|x64
		{8FE20A4A-AEA6-4334-AC12-DCEB1B20A5CD}.Release|x64.Deploy.0 = Release|x64
		{8FE20A4A-AEA6-4334-AC12-DCEB1B20A5CD}.Release|x86.ActiveCfg = Release|x86
		{8FE20A4A-AEA6-4334-AC12-DCEB1B20A5CD}.Release|x86.Build.0 = Release|x86
		{8FE20A4A-AEA6-4334-AC12-DCEB1B20A5CD}.Release|x86.Deploy.0 = Release|x86
		{95957A19-2224-41F7-9438-DCDB018A0D24}.Debug|ARM.ActiveCfg = Debug|ARM
		{95957A19-2224-41F7-9438-DCDB018A0D24}.Debug|ARM.Build.0 = Debug|ARM
		{95957A19-2224-41F7-9438-DCDB018A0D24}.Debug|ARM.Deploy.0 = Debug|ARM
		{95957A19-2224-41F7-9438-DCDB018A0D24}.Debug|ARM64.ActiveCfg = Debug|ARM64
		{95957A19-2224-41F7-9438-DCDB018A0D24}.Debug|ARM64.Build.0 = Debug|ARM64
		{95957A19-2224-41F7-9438-DCDB018A0D24}.Debug|ARM64.Deploy.0 = Debug|ARM64
		{95957A19-2224-41F7-9438-DCDB018A0D24}.Debug|x64.ActiveCfg = Debug|x64
		{95957A19-2224-41F7-9438-DCDB018A0D24}.Debug|x64.Build.0 = Debug|x64
		{95957A19-2224-41F7-9438-DCDB018A0D24}.Debug|x64.Deploy.0 = Debug|x64
		{95957A19-2224-41F7-9438-DCDB018A0D24}.Debug|x86.ActiveCfg = Debug|x86
		{95957A19-2224-41F7-9438-DCDB018A0D24}.Debug|x86.Build.0 = Debug|x86
		{95957A19-2224-41F7-9438-DCDB018A0D24}.Debug|x86.Deploy.0 = Debug|x86
		{95957A19-2224-41F7-9438-DCDB018A0D24}.Release|ARM.ActiveCfg = Release|ARM
		{95957A19-2224-41F7-9438-DCDB018A0D24}.Release|ARM.Build.0 = Release|ARM
		{95957A19-2224-41F7-9438-DCDB018A0D24}.Release|ARM.Deploy.0 = Release|ARM
		{95957A19-2224-41F7-9438-DCDB018A0D24}.Release|ARM64.ActiveCfg = Release|ARM64
		{95957A19-2224-41F7-9438-DCDB018A0D24}.Release|ARM64.Build.0 = Release|ARM64
		{95957A19-2224-41F7-9438-DCDB018A0D24}.Release|ARM64.Deploy.0 = Release|ARM64
		{95957A19-2224-41F7-9438-DCDB018A0D24}.Release|x64.ActiveCfg = Release|x64
		{95957A19-2224-41F7-9438-DCDB018A0D24}.Release|x64.Build.0 = Release|x64
		{95957A19-2224-41F7-9438-DCDB018A0D24}.Release|x64.Deploy.0 = Release|x64
		{95957A19-2224-41F7-9438-DCDB018A0D24}.Release|x86.ActiveCfg = Release|x86
		{95957A19-2224-41F7-9438-DCDB018A0D24}.Release|x86.Build.0 = Release|x86
		{95957A19-2224-41F7-9438-DCDB018A0D24}.Release|x86.Deploy.0 = Release|x86
	EndGlobalSection
	GlobalSection(SolutionProperties) = preSolution
		HideSolutionNode = FALSE
	EndGlobalSection
	GlobalSection(ExtensibilityGlobals) = postSolution
		SolutionGuid = {551355D1-F7DA-45B9-9EE3-FECA33B89630}
	EndGlobalSection
EndGlobal
